
Microsoft Visual Studio Solution File, Format Version 12.00
Project("{2150E333-8FDC-42A3-9474-1A3956D46DE8}") = "src", "src", "{815889DF-A772-4384-955C-D2638F9E548A}"
EndProject
Project("{2150E333-8FDC-42A3-9474-1A3956D46DE8}") = "Services", "Services", "{783A6198-EFA1-4E13-AB4C-0CD8061B586B}"
EndProject
Project("{2150E333-8FDC-42A3-9474-1A3956D46DE8}") = "PersonService", "PersonService", "{FB85B560-02C4-47D5-B053-875B7A91A3BB}"
EndProject
Project("{2150E333-8FDC-42A3-9474-1A3956D46DE8}") = "ReportService", "ReportService", "{E2B8022E-F556-4D66-AD2D-D2BE333632CE}"
EndProject
Project("{2150E333-8FDC-42A3-9474-1A3956D46DE8}") = "Core", "Core", "{4E6484C6-4D8E-400D-937F-DB7E721619B5}"
EndProject
Project("{2150E333-8FDC-42A3-9474-1A3956D46DE8}") = "Infrastructure", "Infrastructure", "{3B4E2C24-ED2D-4070-8C7C-CCF1C89F3EDB}"
EndProject
Project("{2150E333-8FDC-42A3-9474-1A3956D46DE8}") = "Presentation", "Presentation", "{6ED8EBBC-63BF-4007-80D9-BF3390F9A816}"
EndProject
Project("{FAE04EC0-301F-11D3-BF4B-00C04F79EFBC}") = "PersonService.Domain", "src\Services\PersonService\Core\PersonService.Domain\PersonService.Domain.csproj", "{55BC3B94-E73C-4D3A-8DF5-B2F4DCFA506B}"
EndProject
Project("{FAE04EC0-301F-11D3-BF4B-00C04F79EFBC}") = "PersonService.Application", "src\Services\PersonService\Core\PersonService.Application\PersonService.Application.csproj", "{DE564A6F-1E49-43E4-B7B5-92C654879F2F}"
EndProject
Project("{FAE04EC0-301F-11D3-BF4B-00C04F79EFBC}") = "PersonService.Persistence", "src\Services\PersonService\Infrastructure\PersonService.Persistence\PersonService.Persistence.csproj", "{1F844546-20DD-4F78-A545-C807BDD479FE}"
EndProject
Project("{FAE04EC0-301F-11D3-BF4B-00C04F79EFBC}") = "PersonService.Infrastructure", "src\Services\PersonService\Infrastructure\PersonService.Infrastructure\PersonService.Infrastructure.csproj", "{D609A382-7471-4E2D-9E4F-63ABE810E597}"
EndProject
Project("{FAE04EC0-301F-11D3-BF4B-00C04F79EFBC}") = "PersonService.API", "src\Services\PersonService\Presentation\PersonService.API\PersonService.API.csproj", "{FDDDA305-D707-49FF-8E5B-88B581FF95F9}"
EndProject
Global
	GlobalSection(SolutionConfigurationPlatforms) = preSolution
		Debug|Any CPU = Debug|Any CPU
		Release|Any CPU = Release|Any CPU
	EndGlobalSection
	GlobalSection(NestedProjects) = preSolution
		{783A6198-EFA1-4E13-AB4C-0CD8061B586B} = {815889DF-A772-4384-955C-D2638F9E548A}
		{FB85B560-02C4-47D5-B053-875B7A91A3BB} = {783A6198-EFA1-4E13-AB4C-0CD8061B586B}
		{E2B8022E-F556-4D66-AD2D-D2BE333632CE} = {783A6198-EFA1-4E13-AB4C-0CD8061B586B}
		{4E6484C6-4D8E-400D-937F-DB7E721619B5} = {FB85B560-02C4-47D5-B053-875B7A91A3BB}
		{3B4E2C24-ED2D-4070-8C7C-CCF1C89F3EDB} = {FB85B560-02C4-47D5-B053-875B7A91A3BB}
		{6ED8EBBC-63BF-4007-80D9-BF3390F9A816} = {FB85B560-02C4-47D5-B053-875B7A91A3BB}
		{55BC3B94-E73C-4D3A-8DF5-B2F4DCFA506B} = {4E6484C6-4D8E-400D-937F-DB7E721619B5}
		{DE564A6F-1E49-43E4-B7B5-92C654879F2F} = {4E6484C6-4D8E-400D-937F-DB7E721619B5}
		{1F844546-20DD-4F78-A545-C807BDD479FE} = {3B4E2C24-ED2D-4070-8C7C-CCF1C89F3EDB}
		{D609A382-7471-4E2D-9E4F-63ABE810E597} = {3B4E2C24-ED2D-4070-8C7C-CCF1C89F3EDB}
		{FDDDA305-D707-49FF-8E5B-88B581FF95F9} = {6ED8EBBC-63BF-4007-80D9-BF3390F9A816}
	EndGlobalSection
	GlobalSection(ProjectConfigurationPlatforms) = postSolution
		{55BC3B94-E73C-4D3A-8DF5-B2F4DCFA506B}.Debug|Any CPU.ActiveCfg = Debug|Any CPU
		{55BC3B94-E73C-4D3A-8DF5-B2F4DCFA506B}.Debug|Any CPU.Build.0 = Debug|Any CPU
		{55BC3B94-E73C-4D3A-8DF5-B2F4DCFA506B}.Release|Any CPU.ActiveCfg = Release|Any CPU
		{55BC3B94-E73C-4D3A-8DF5-B2F4DCFA506B}.Release|Any CPU.Build.0 = Release|Any CPU
		{DE564A6F-1E49-43E4-B7B5-92C654879F2F}.Debug|Any CPU.ActiveCfg = Debug|Any CPU
		{DE564A6F-1E49-43E4-B7B5-92C654879F2F}.Debug|Any CPU.Build.0 = Debug|Any CPU
		{DE564A6F-1E49-43E4-B7B5-92C654879F2F}.Release|Any CPU.ActiveCfg = Release|Any CPU
		{DE564A6F-1E49-43E4-B7B5-92C654879F2F}.Release|Any CPU.Build.0 = Release|Any CPU
		{1F844546-20DD-4F78-A545-C807BDD479FE}.Debug|Any CPU.ActiveCfg = Debug|Any CPU
		{1F844546-20DD-4F78-A545-C807BDD479FE}.Debug|Any CPU.Build.0 = Debug|Any CPU
		{1F844546-20DD-4F78-A545-C807BDD479FE}.Release|Any CPU.ActiveCfg = Release|Any CPU
		{1F844546-20DD-4F78-A545-C807BDD479FE}.Release|Any CPU.Build.0 = Release|Any CPU
		{D609A382-7471-4E2D-9E4F-63ABE810E597}.Debug|Any CPU.ActiveCfg = Debug|Any CPU
		{D609A382-7471-4E2D-9E4F-63ABE810E597}.Debug|Any CPU.Build.0 = Debug|Any CPU
		{D609A382-7471-4E2D-9E4F-63ABE810E597}.Release|Any CPU.ActiveCfg = Release|Any CPU
		{D609A382-7471-4E2D-9E4F-63ABE810E597}.Release|Any CPU.Build.0 = Release|Any CPU
		{FDDDA305-D707-49FF-8E5B-88B581FF95F9}.Debug|Any CPU.ActiveCfg = Debug|Any CPU
		{FDDDA305-D707-49FF-8E5B-88B581FF95F9}.Debug|Any CPU.Build.0 = Debug|Any CPU
		{FDDDA305-D707-49FF-8E5B-88B581FF95F9}.Release|Any CPU.ActiveCfg = Release|Any CPU
		{FDDDA305-D707-49FF-8E5B-88B581FF95F9}.Release|Any CPU.Build.0 = Release|Any CPU
	EndGlobalSection
EndGlobal
