
Microsoft Visual Studio Solution File, Format Version 12.00
# Visual Studio Version 16
Project("{2150E333-8FDC-42A3-9474-1A3956D46DE8}") = "src", "src", "{815889DF-A772-4384-955C-D2638F9E548A}"
EndProject
Project("{2150E333-8FDC-42A3-9474-1A3956D46DE8}") = "Services", "Services", "{783A6198-EFA1-4E13-AB4C-0CD8061B586B}"
EndProject
Project("{2150E333-8FDC-42A3-9474-1A3956D46DE8}") = "PersonService", "PersonService", "{FB85B560-02C4-47D5-B053-875B7A91A3BB}"
EndProject
Project("{2150E333-8FDC-42A3-9474-1A3956D46DE8}") = "ReportService", "ReportService", "{E2B8022E-F556-4D66-AD2D-D2BE333632CE}"
EndProject
Project("{2150E333-8FDC-42A3-9474-1A3956D46DE8}") = "Core", "Core", "{4E6484C6-4D8E-400D-937F-DB7E721619B5}"
EndProject
Project("{2150E333-8FDC-42A3-9474-1A3956D46DE8}") = "Infrastructure", "Infrastructure", "{3B4E2C24-ED2D-4070-8C7C-CCF1C89F3EDB}"
EndProject
Project("{2150E333-8FDC-42A3-9474-1A3956D46DE8}") = "Presentation", "Presentation", "{6ED8EBBC-63BF-4007-80D9-BF3390F9A816}"
EndProject
Project("{FAE04EC0-301F-11D3-BF4B-00C04F79EFBC}") = "PersonService.Domain", "src\Services\PersonService\Core\PersonService.Domain\PersonService.Domain.csproj", "{55BC3B94-E73C-4D3A-8DF5-B2F4DCFA506B}"
EndProject
Project("{FAE04EC0-301F-11D3-BF4B-00C04F79EFBC}") = "PersonService.Application", "src\Services\PersonService\Core\PersonService.Application\PersonService.Application.csproj", "{DE564A6F-1E49-43E4-B7B5-92C654879F2F}"
EndProject
Project("{FAE04EC0-301F-11D3-BF4B-00C04F79EFBC}") = "PersonService.Persistence", "src\Services\PersonService\Infrastructure\PersonService.Persistence\PersonService.Persistence.csproj", "{1F844546-20DD-4F78-A545-C807BDD479FE}"
EndProject
Project("{FAE04EC0-301F-11D3-BF4B-00C04F79EFBC}") = "PersonService.Infrastructure", "src\Services\PersonService\Infrastructure\PersonService.Infrastructure\PersonService.Infrastructure.csproj", "{D609A382-7471-4E2D-9E4F-63ABE810E597}"
EndProject
Project("{FAE04EC0-301F-11D3-BF4B-00C04F79EFBC}") = "PersonService.API", "src\Services\PersonService\Presentation\PersonService.API\PersonService.API.csproj", "{FDDDA305-D707-49FF-8E5B-88B581FF95F9}"
EndProject
Project("{2150E333-8FDC-42A3-9474-1A3956D46DE8}") = "Core", "Core", "{499A9C00-0993-4F44-989B-3AC4830DC242}"
EndProject
Project("{2150E333-8FDC-42A3-9474-1A3956D46DE8}") = "Infrastructure", "Infrastructure", "{8D8E83E3-5880-4ABD-BC18-3D74049AEAFA}"
EndProject
Project("{2150E333-8FDC-42A3-9474-1A3956D46DE8}") = "Presentation", "Presentation", "{0CEA3258-2F8E-4D9F-A3A6-22EB4969EFAA}"
EndProject
Project("{FAE04EC0-301F-11D3-BF4B-00C04F79EFBC}") = "ReportService.Application", "src\Services\ReportService\Core\ReportService.Application\ReportService.Application.csproj", "{3DF395FA-F128-4787-87CA-445061914914}"
EndProject
Project("{FAE04EC0-301F-11D3-BF4B-00C04F79EFBC}") = "ReportService.Domain", "src\Services\ReportService\Core\ReportService.Domain\ReportService.Domain.csproj", "{E74B7842-4649-4F4D-8494-530D33E464B5}"
EndProject
Project("{FAE04EC0-301F-11D3-BF4B-00C04F79EFBC}") = "ReportService.Persistence", "src\Services\ReportService\Infrastructure\ReportService.Persistence\ReportService.Persistence.csproj", "{FB49E411-C5D4-4587-9971-3EFD0426E8ED}"
EndProject
Project("{FAE04EC0-301F-11D3-BF4B-00C04F79EFBC}") = "ReportService.Infrastructure", "src\Services\ReportService\Infrastructure\ReportService.Infrastructure\ReportService.Infrastructure.csproj", "{825A0187-397B-4F32-84E5-85785A2D94FA}"
EndProject
Project("{FAE04EC0-301F-11D3-BF4B-00C04F79EFBC}") = "ReportService.API", "src\Services\ReportService\Presentation\ReportService.API\ReportService.API.csproj", "{AEE28AB1-A9DE-4FE1-B336-2064ECF51239}"
EndProject
Project("{2150E333-8FDC-42A3-9474-1A3956D46DE8}") = "BuildingBlocks", "BuildingBlocks", "{C9EA42C8-34E9-408D-BBFA-3C242A608388}"
EndProject
Project("{2150E333-8FDC-42A3-9474-1A3956D46DE8}") = "EventBus", "EventBus", "{7B8C1D1F-CA44-4481-8BFD-E2177531FE12}"
EndProject
Project("{FAE04EC0-301F-11D3-BF4B-00C04F79EFBC}") = "EventBus.Base", "src\BuildingBlocks\EventBus\EventBus.Base\EventBus.Base.csproj", "{C6FD7737-572F-4BA4-9590-0FABBE0A6348}"
EndProject
Project("{FAE04EC0-301F-11D3-BF4B-00C04F79EFBC}") = "EventBus.Factory", "src\BuildingBlocks\EventBus\EventBus.Factory\EventBus.Factory.csproj", "{6E2AEAC7-18E5-4188-A5EA-7437B49A9D01}"
EndProject
Project("{FAE04EC0-301F-11D3-BF4B-00C04F79EFBC}") = "EventBus.RabbitMQ", "src\BuildingBlocks\EventBus\EventBus.RabbitMQ\EventBus.RabbitMQ.csproj", "{A7EE3246-7064-476E-8B5E-689244D04D97}"
EndProject
Project("{2150E333-8FDC-42A3-9474-1A3956D46DE8}") = "ApiGateways", "ApiGateways", "{A25C96D8-D797-4258-871A-6DED74762A3C}"
EndProject
Project("{2150E333-8FDC-42A3-9474-1A3956D46DE8}") = "WebApiGateway", "WebApiGateway", "{AC483026-9EEE-4AC4-9CA6-04718DDF5015}"
EndProject
Project("{FAE04EC0-301F-11D3-BF4B-00C04F79EFBC}") = "Web.ApiGateway", "src\ApiGateways\WebApiGateway\Web.ApiGateway\Web.ApiGateway.csproj", "{9B3842FC-6896-435C-946A-5F77721F014D}"
EndProject
Project("{E53339B2-1760-4266-BCC7-CA923CBCF16C}") = "docker-compose", "docker-compose.dcproj", "{3B06884F-0D4B-4DC6-817A-C2FFF6BD7A96}"
EndProject
Global
	GlobalSection(SolutionConfigurationPlatforms) = preSolution
		Debug|Any CPU = Debug|Any CPU
		Release|Any CPU = Release|Any CPU
	EndGlobalSection
	GlobalSection(NestedProjects) = preSolution
		{783A6198-EFA1-4E13-AB4C-0CD8061B586B} = {815889DF-A772-4384-955C-D2638F9E548A}
		{FB85B560-02C4-47D5-B053-875B7A91A3BB} = {783A6198-EFA1-4E13-AB4C-0CD8061B586B}
		{E2B8022E-F556-4D66-AD2D-D2BE333632CE} = {783A6198-EFA1-4E13-AB4C-0CD8061B586B}
		{4E6484C6-4D8E-400D-937F-DB7E721619B5} = {FB85B560-02C4-47D5-B053-875B7A91A3BB}
		{3B4E2C24-ED2D-4070-8C7C-CCF1C89F3EDB} = {FB85B560-02C4-47D5-B053-875B7A91A3BB}
		{6ED8EBBC-63BF-4007-80D9-BF3390F9A816} = {FB85B560-02C4-47D5-B053-875B7A91A3BB}
		{55BC3B94-E73C-4D3A-8DF5-B2F4DCFA506B} = {4E6484C6-4D8E-400D-937F-DB7E721619B5}
		{DE564A6F-1E49-43E4-B7B5-92C654879F2F} = {4E6484C6-4D8E-400D-937F-DB7E721619B5}
		{1F844546-20DD-4F78-A545-C807BDD479FE} = {3B4E2C24-ED2D-4070-8C7C-CCF1C89F3EDB}
		{D609A382-7471-4E2D-9E4F-63ABE810E597} = {3B4E2C24-ED2D-4070-8C7C-CCF1C89F3EDB}
		{FDDDA305-D707-49FF-8E5B-88B581FF95F9} = {6ED8EBBC-63BF-4007-80D9-BF3390F9A816}
		{499A9C00-0993-4F44-989B-3AC4830DC242} = {E2B8022E-F556-4D66-AD2D-D2BE333632CE}
		{8D8E83E3-5880-4ABD-BC18-3D74049AEAFA} = {E2B8022E-F556-4D66-AD2D-D2BE333632CE}
		{0CEA3258-2F8E-4D9F-A3A6-22EB4969EFAA} = {E2B8022E-F556-4D66-AD2D-D2BE333632CE}
		{3DF395FA-F128-4787-87CA-445061914914} = {499A9C00-0993-4F44-989B-3AC4830DC242}
		{E74B7842-4649-4F4D-8494-530D33E464B5} = {499A9C00-0993-4F44-989B-3AC4830DC242}
		{FB49E411-C5D4-4587-9971-3EFD0426E8ED} = {8D8E83E3-5880-4ABD-BC18-3D74049AEAFA}
		{825A0187-397B-4F32-84E5-85785A2D94FA} = {8D8E83E3-5880-4ABD-BC18-3D74049AEAFA}
		{AEE28AB1-A9DE-4FE1-B336-2064ECF51239} = {0CEA3258-2F8E-4D9F-A3A6-22EB4969EFAA}
		{C9EA42C8-34E9-408D-BBFA-3C242A608388} = {815889DF-A772-4384-955C-D2638F9E548A}
		{7B8C1D1F-CA44-4481-8BFD-E2177531FE12} = {C9EA42C8-34E9-408D-BBFA-3C242A608388}
		{C6FD7737-572F-4BA4-9590-0FABBE0A6348} = {7B8C1D1F-CA44-4481-8BFD-E2177531FE12}
		{6E2AEAC7-18E5-4188-A5EA-7437B49A9D01} = {7B8C1D1F-CA44-4481-8BFD-E2177531FE12}
		{A7EE3246-7064-476E-8B5E-689244D04D97} = {7B8C1D1F-CA44-4481-8BFD-E2177531FE12}
		{A25C96D8-D797-4258-871A-6DED74762A3C} = {815889DF-A772-4384-955C-D2638F9E548A}
		{AC483026-9EEE-4AC4-9CA6-04718DDF5015} = {A25C96D8-D797-4258-871A-6DED74762A3C}
		{9B3842FC-6896-435C-946A-5F77721F014D} = {AC483026-9EEE-4AC4-9CA6-04718DDF5015}
	EndGlobalSection
	GlobalSection(ProjectConfigurationPlatforms) = postSolution
		{55BC3B94-E73C-4D3A-8DF5-B2F4DCFA506B}.Debug|Any CPU.ActiveCfg = Debug|Any CPU
		{55BC3B94-E73C-4D3A-8DF5-B2F4DCFA506B}.Debug|Any CPU.Build.0 = Debug|Any CPU
		{55BC3B94-E73C-4D3A-8DF5-B2F4DCFA506B}.Release|Any CPU.ActiveCfg = Release|Any CPU
		{55BC3B94-E73C-4D3A-8DF5-B2F4DCFA506B}.Release|Any CPU.Build.0 = Release|Any CPU
		{DE564A6F-1E49-43E4-B7B5-92C654879F2F}.Debug|Any CPU.ActiveCfg = Debug|Any CPU
		{DE564A6F-1E49-43E4-B7B5-92C654879F2F}.Debug|Any CPU.Build.0 = Debug|Any CPU
		{DE564A6F-1E49-43E4-B7B5-92C654879F2F}.Release|Any CPU.ActiveCfg = Release|Any CPU
		{DE564A6F-1E49-43E4-B7B5-92C654879F2F}.Release|Any CPU.Build.0 = Release|Any CPU
		{1F844546-20DD-4F78-A545-C807BDD479FE}.Debug|Any CPU.ActiveCfg = Debug|Any CPU
		{1F844546-20DD-4F78-A545-C807BDD479FE}.Debug|Any CPU.Build.0 = Debug|Any CPU
		{1F844546-20DD-4F78-A545-C807BDD479FE}.Release|Any CPU.ActiveCfg = Release|Any CPU
		{1F844546-20DD-4F78-A545-C807BDD479FE}.Release|Any CPU.Build.0 = Release|Any CPU
		{D609A382-7471-4E2D-9E4F-63ABE810E597}.Debug|Any CPU.ActiveCfg = Debug|Any CPU
		{D609A382-7471-4E2D-9E4F-63ABE810E597}.Debug|Any CPU.Build.0 = Debug|Any CPU
		{D609A382-7471-4E2D-9E4F-63ABE810E597}.Release|Any CPU.ActiveCfg = Release|Any CPU
		{D609A382-7471-4E2D-9E4F-63ABE810E597}.Release|Any CPU.Build.0 = Release|Any CPU
		{FDDDA305-D707-49FF-8E5B-88B581FF95F9}.Debug|Any CPU.ActiveCfg = Debug|Any CPU
		{FDDDA305-D707-49FF-8E5B-88B581FF95F9}.Debug|Any CPU.Build.0 = Debug|Any CPU
		{FDDDA305-D707-49FF-8E5B-88B581FF95F9}.Release|Any CPU.ActiveCfg = Release|Any CPU
		{FDDDA305-D707-49FF-8E5B-88B581FF95F9}.Release|Any CPU.Build.0 = Release|Any CPU
		{3DF395FA-F128-4787-87CA-445061914914}.Debug|Any CPU.ActiveCfg = Debug|Any CPU
		{3DF395FA-F128-4787-87CA-445061914914}.Debug|Any CPU.Build.0 = Debug|Any CPU
		{3DF395FA-F128-4787-87CA-445061914914}.Release|Any CPU.ActiveCfg = Release|Any CPU
		{3DF395FA-F128-4787-87CA-445061914914}.Release|Any CPU.Build.0 = Release|Any CPU
		{E74B7842-4649-4F4D-8494-530D33E464B5}.Debug|Any CPU.ActiveCfg = Debug|Any CPU
		{E74B7842-4649-4F4D-8494-530D33E464B5}.Debug|Any CPU.Build.0 = Debug|Any CPU
		{E74B7842-4649-4F4D-8494-530D33E464B5}.Release|Any CPU.ActiveCfg = Release|Any CPU
		{E74B7842-4649-4F4D-8494-530D33E464B5}.Release|Any CPU.Build.0 = Release|Any CPU
		{FB49E411-C5D4-4587-9971-3EFD0426E8ED}.Debug|Any CPU.ActiveCfg = Debug|Any CPU
		{FB49E411-C5D4-4587-9971-3EFD0426E8ED}.Debug|Any CPU.Build.0 = Debug|Any CPU
		{FB49E411-C5D4-4587-9971-3EFD0426E8ED}.Release|Any CPU.ActiveCfg = Release|Any CPU
		{FB49E411-C5D4-4587-9971-3EFD0426E8ED}.Release|Any CPU.Build.0 = Release|Any CPU
		{825A0187-397B-4F32-84E5-85785A2D94FA}.Debug|Any CPU.ActiveCfg = Debug|Any CPU
		{825A0187-397B-4F32-84E5-85785A2D94FA}.Debug|Any CPU.Build.0 = Debug|Any CPU
		{825A0187-397B-4F32-84E5-85785A2D94FA}.Release|Any CPU.ActiveCfg = Release|Any CPU
		{825A0187-397B-4F32-84E5-85785A2D94FA}.Release|Any CPU.Build.0 = Release|Any CPU
		{AEE28AB1-A9DE-4FE1-B336-2064ECF51239}.Debug|Any CPU.ActiveCfg = Debug|Any CPU
		{AEE28AB1-A9DE-4FE1-B336-2064ECF51239}.Debug|Any CPU.Build.0 = Debug|Any CPU
		{AEE28AB1-A9DE-4FE1-B336-2064ECF51239}.Release|Any CPU.ActiveCfg = Release|Any CPU
		{AEE28AB1-A9DE-4FE1-B336-2064ECF51239}.Release|Any CPU.Build.0 = Release|Any CPU
		{C6FD7737-572F-4BA4-9590-0FABBE0A6348}.Debug|Any CPU.ActiveCfg = Debug|Any CPU
		{C6FD7737-572F-4BA4-9590-0FABBE0A6348}.Debug|Any CPU.Build.0 = Debug|Any CPU
		{C6FD7737-572F-4BA4-9590-0FABBE0A6348}.Release|Any CPU.ActiveCfg = Release|Any CPU
		{C6FD7737-572F-4BA4-9590-0FABBE0A6348}.Release|Any CPU.Build.0 = Release|Any CPU
		{6E2AEAC7-18E5-4188-A5EA-7437B49A9D01}.Debug|Any CPU.ActiveCfg = Debug|Any CPU
		{6E2AEAC7-18E5-4188-A5EA-7437B49A9D01}.Debug|Any CPU.Build.0 = Debug|Any CPU
		{6E2AEAC7-18E5-4188-A5EA-7437B49A9D01}.Release|Any CPU.ActiveCfg = Release|Any CPU
		{6E2AEAC7-18E5-4188-A5EA-7437B49A9D01}.Release|Any CPU.Build.0 = Release|Any CPU
		{A7EE3246-7064-476E-8B5E-689244D04D97}.Debug|Any CPU.ActiveCfg = Debug|Any CPU
		{A7EE3246-7064-476E-8B5E-689244D04D97}.Debug|Any CPU.Build.0 = Debug|Any CPU
		{A7EE3246-7064-476E-8B5E-689244D04D97}.Release|Any CPU.ActiveCfg = Release|Any CPU
		{A7EE3246-7064-476E-8B5E-689244D04D97}.Release|Any CPU.Build.0 = Release|Any CPU
		{9B3842FC-6896-435C-946A-5F77721F014D}.Debug|Any CPU.ActiveCfg = Debug|Any CPU
		{9B3842FC-6896-435C-946A-5F77721F014D}.Debug|Any CPU.Build.0 = Debug|Any CPU
		{9B3842FC-6896-435C-946A-5F77721F014D}.Release|Any CPU.ActiveCfg = Release|Any CPU
		{9B3842FC-6896-435C-946A-5F77721F014D}.Release|Any CPU.Build.0 = Release|Any CPU
		{3B06884F-0D4B-4DC6-817A-C2FFF6BD7A96}.Debug|Any CPU.ActiveCfg = Debug|Any CPU
		{3B06884F-0D4B-4DC6-817A-C2FFF6BD7A96}.Debug|Any CPU.Build.0 = Debug|Any CPU
		{3B06884F-0D4B-4DC6-817A-C2FFF6BD7A96}.Release|Any CPU.ActiveCfg = Release|Any CPU
		{3B06884F-0D4B-4DC6-817A-C2FFF6BD7A96}.Release|Any CPU.Build.0 = Release|Any CPU
	EndGlobalSection
EndGlobal
